
Microsoft Visual Studio Solution File, Format Version 12.00
# Visual Studio Version 16
VisualStudioVersion = 16.0.30204.135
MinimumVisualStudioVersion = 10.0.40219.1
Project("{FAE04EC0-301F-11D3-BF4B-00C04F79EFBC}") = "Сапер", "Сапер\Сапер.csproj", "{5F95C128-E8C1-4A4F-96D9-33693088FD7C}"
EndProject
Global
	GlobalSection(SolutionConfigurationPlatforms) = preSolution
		Debug|Any CPU = Debug|Any CPU
		Release|Any CPU = Release|Any CPU
	EndGlobalSection
	GlobalSection(ProjectConfigurationPlatforms) = postSolution
		{5F95C128-E8C1-4A4F-96D9-33693088FD7C}.Debug|Any CPU.ActiveCfg = Debug|Any CPU
		{5F95C128-E8C1-4A4F-96D9-33693088FD7C}.Debug|Any CPU.Build.0 = Debug|Any CPU
		{5F95C128-E8C1-4A4F-96D9-33693088FD7C}.Release|Any CPU.ActiveCfg = Release|Any CPU
		{5F95C128-E8C1-4A4F-96D9-33693088FD7C}.Release|Any CPU.Build.0 = Release|Any CPU
	EndGlobalSection
	GlobalSection(SolutionProperties) = preSolution
		HideSolutionNode = FALSE
	EndGlobalSection
	GlobalSection(ExtensibilityGlobals) = postSolution
		SolutionGuid = {3DE77391-D31C-4681-973F-061DA78D5C05}
	EndGlobalSection
EndGlobal
